
Microsoft Visual Studio Solution File, Format Version 12.00
Project("{FAE04EC0-301F-11D3-BF4B-00C04F79EFBC}") = "ASTLibs", "ASTLibs/ASTLibs.csproj", "{77CAA25D-7C95-4088-A0D1-20155DEAC672}"
EndProject
Project("{FAE04EC0-301F-11D3-BF4B-00C04F79EFBC}") = "ASTLibs.Tests", "ASTLibs.Tests\ASTLibs.Tests.csproj", "{4CF2F672-1D2D-4DAC-B1B8-09A83BB7305E}"
EndProject
Global
	GlobalSection(SolutionConfigurationPlatforms) = preSolution
		Debug|Any CPU = Debug|Any CPU
		Release|Any CPU = Release|Any CPU
	EndGlobalSection
	GlobalSection(ProjectConfigurationPlatforms) = postSolution
		{77CAA25D-7C95-4088-A0D1-20155DEAC672}.Debug|Any CPU.ActiveCfg = Debug|Any CPU
		{77CAA25D-7C95-4088-A0D1-20155DEAC672}.Debug|Any CPU.Build.0 = Debug|Any CPU
		{77CAA25D-7C95-4088-A0D1-20155DEAC672}.Release|Any CPU.ActiveCfg = Release|Any CPU
		{77CAA25D-7C95-4088-A0D1-20155DEAC672}.Release|Any CPU.Build.0 = Release|Any CPU
		{4CF2F672-1D2D-4DAC-B1B8-09A83BB7305E}.Debug|Any CPU.ActiveCfg = Debug|Any CPU
		{4CF2F672-1D2D-4DAC-B1B8-09A83BB7305E}.Debug|Any CPU.Build.0 = Debug|Any CPU
		{4CF2F672-1D2D-4DAC-B1B8-09A83BB7305E}.Release|Any CPU.ActiveCfg = Release|Any CPU
		{4CF2F672-1D2D-4DAC-B1B8-09A83BB7305E}.Release|Any CPU.Build.0 = Release|Any CPU
	EndGlobalSection
EndGlobal
